// !$*UTF8*$!
{
	archiveVersion = 1;
	classes = {
	};
	objectVersion = 46;
	objects = {

/* Begin PBXBuildFile section */
		0A02C51D1269774D00CBE952 /* ScriptingBridge.framework in Frameworks */ = {isa = PBXBuildFile; fileRef = 0A02C51C1269774D00CBE952 /* ScriptingBridge.framework */; };
		0A02C5351269788900CBE952 /* Keynote.app in Sources */ = {isa = PBXBuildFile; fileRef = 0A02C5241269780400CBE952 /* Keynote.app */; };
		0A99C7A6126965B300B0EAA5 /* CustomWindow.m in Sources */ = {isa = PBXBuildFile; fileRef = 0A99C7A5126965B300B0EAA5 /* CustomWindow.m */; };
		0A99C7A9126965BC00B0EAA5 /* MyAppDelegate.m in Sources */ = {isa = PBXBuildFile; fileRef = 0A99C7A8126965BC00B0EAA5 /* MyAppDelegate.m */; };
		0A99C7AE126965D000B0EAA5 /* CounterWindow.xib in Resources */ = {isa = PBXBuildFile; fileRef = 0A99C7AD126965D000B0EAA5 /* CounterWindow.xib */; };
		0A9E2D30106DB7D5004CA409 /* CounterView.m in Sources */ = {isa = PBXBuildFile; fileRef = 0A9E2D2F106DB7D5004CA409 /* CounterView.m */; };
		0AA66867126A96FA0009BD60 /* NSUserDefaults+ColorSupport.m in Sources */ = {isa = PBXBuildFile; fileRef = 0AA66866126A96FA0009BD60 /* NSUserDefaults+ColorSupport.m */; };
		0AB99A6E126A9C99000A4BF6 /* Preferences.xib in Resources */ = {isa = PBXBuildFile; fileRef = 0AB99A6D126A9C99000A4BF6 /* Preferences.xib */; };
		1DDD582C0DA1D0D100B32029 /* Slides.xib in Resources */ = {isa = PBXBuildFile; fileRef = 1DDD58280DA1D0D100B32029 /* Slides.xib */; };
		1DDD582D0DA1D0D100B32029 /* MainMenu.xib in Resources */ = {isa = PBXBuildFile; fileRef = 1DDD582A0DA1D0D100B32029 /* MainMenu.xib */; };
		345BF6AC10668503004BCEE3 /* SpeakerSlidesView.m in Sources */ = {isa = PBXBuildFile; fileRef = 345BF6AB10668503004BCEE3 /* SpeakerSlidesView.m */; };
		345BF8FE1066A324004BCEE3 /* SlidesWindowController.m in Sources */ = {isa = PBXBuildFile; fileRef = 345BF8FD1066A324004BCEE3 /* SlidesWindowController.m */; };
		3484EC60106722D500B1BC64 /* BlitzButtonCell.m in Sources */ = {isa = PBXBuildFile; fileRef = 3484EC5F106722D500B1BC64 /* BlitzButtonCell.m */; };
		34E6611E1065E938001B6FE9 /* presenter-notes.xsl in Resources */ = {isa = PBXBuildFile; fileRef = 34E6611D1065E938001B6FE9 /* presenter-notes.xsl */; };
		34E6612E1065EB97001B6FE9 /* SpeakerNotes.xib in Resources */ = {isa = PBXBuildFile; fileRef = 34E6612D1065EB97001B6FE9 /* SpeakerNotes.xib */; };
		34E6614E1065EBAE001B6FE9 /* SpeakerNotesWindowController.m in Sources */ = {isa = PBXBuildFile; fileRef = 34E6614D1065EBAE001B6FE9 /* SpeakerNotesWindowController.m */; };
		376586FD1009A33F00B9BC9B /* MyApplication.m in Sources */ = {isa = PBXBuildFile; fileRef = 376586FC1009A33F00B9BC9B /* MyApplication.m */; };
		79BB568B0FF7374A00D94BEB /* BlitzPDFView.m in Sources */ = {isa = PBXBuildFile; fileRef = 79BB56890FF7374A00D94BEB /* BlitzPDFView.m */; };
		79BB56AC0FF7386500D94BEB /* Quartz.framework in Frameworks */ = {isa = PBXBuildFile; fileRef = 79BB56AB0FF7386500D94BEB /* Quartz.framework */; };
		79BFE53A0FF7E738000668B2 /* Sparkle.framework in Frameworks */ = {isa = PBXBuildFile; fileRef = 79BFE5390FF7E738000668B2 /* Sparkle.framework */; };
		79BFE5450FF7E762000668B2 /* Sparkle.framework in CopyFiles */ = {isa = PBXBuildFile; fileRef = 79BFE5390FF7E738000668B2 /* Sparkle.framework */; };
		79BFE55A0FF7ECDD000668B2 /* dsa_pub.pem in Resources */ = {isa = PBXBuildFile; fileRef = 79BFE5590FF7ECDD000668B2 /* dsa_pub.pem */; };
		79BFE61A0FF81A2C000668B2 /* blitz.icns in Resources */ = {isa = PBXBuildFile; fileRef = 79BFE6190FF81A2C000668B2 /* blitz.icns */; };
		8D15AC2C0486D014006FF6A4 /* Credits.rtf in Resources */ = {isa = PBXBuildFile; fileRef = 2A37F4B9FDCFA73011CA2CEA /* Credits.rtf */; };
		8D15AC2F0486D014006FF6A4 /* InfoPlist.strings in Resources */ = {isa = PBXBuildFile; fileRef = 089C165FFE840EACC02AAC07 /* InfoPlist.strings */; };
		8D15AC310486D014006FF6A4 /* MyDocument.m in Sources */ = {isa = PBXBuildFile; fileRef = 2A37F4ACFDCFA73011CA2CEA /* MyDocument.m */; settings = {ATTRIBUTES = (); }; };
		8D15AC320486D014006FF6A4 /* main.m in Sources */ = {isa = PBXBuildFile; fileRef = 2A37F4B0FDCFA73011CA2CEA /* main.m */; settings = {ATTRIBUTES = (); }; };
		8D15AC340486D014006FF6A4 /* Cocoa.framework in Frameworks */ = {isa = PBXBuildFile; fileRef = 1058C7A7FEA54F5311CA2CBB /* Cocoa.framework */; };
/* End PBXBuildFile section */

/* Begin PBXBuildRule section */
		0A02C5231269778F00CBE952 /* PBXBuildRule */ = {
			isa = PBXBuildRule;
			compilerSpec = com.apple.compilers.proxy.script;
			filePatterns = "*.app";
			fileType = pattern.proxy;
			isEditable = 1;
			outputFiles = (
				"$(DERIVED_FILES_DIR)/$(INPUT_FILE_BASE).h",
			);
			script = "sdef \"$INPUT_FILE_PATH\" | sdp -fh -o \"$DERIVED_FILES_DIR\" --basename \"$INPUT_FILE_BASE\" --bundleid `defaults read \"$INPUT_FILE_PATH/Contents/Info\" CFBundleIdentifier`";
		};
/* End PBXBuildRule section */

/* Begin PBXCopyFilesBuildPhase section */
		79BFE5580FF7E76D000668B2 /* CopyFiles */ = {
			isa = PBXCopyFilesBuildPhase;
			buildActionMask = 2147483647;
			dstPath = "";
			dstSubfolderSpec = 10;
			files = (
				79BFE5450FF7E762000668B2 /* Sparkle.framework in CopyFiles */,
			);
			runOnlyForDeploymentPostprocessing = 0;
		};
/* End PBXCopyFilesBuildPhase section */

/* Begin PBXFileReference section */
		089C1660FE840EACC02AAC07 /* English */ = {isa = PBXFileReference; fileEncoding = 10; lastKnownFileType = text.plist.strings; name = English; path = English.lproj/InfoPlist.strings; sourceTree = "<group>"; };
		0A02C51C1269774D00CBE952 /* ScriptingBridge.framework */ = {isa = PBXFileReference; lastKnownFileType = wrapper.framework; name = ScriptingBridge.framework; path = System/Library/Frameworks/ScriptingBridge.framework; sourceTree = SDKROOT; };
		0A02C5241269780400CBE952 /* Keynote.app */ = {isa = PBXFileReference; lastKnownFileType = wrapper.application; name = Keynote.app; path = "/Applications/iWork '09/Keynote.app"; sourceTree = "<absolute>"; };
		0A99C7A4126965B300B0EAA5 /* CustomWindow.h */ = {isa = PBXFileReference; fileEncoding = 4; lastKnownFileType = sourcecode.c.h; path = CustomWindow.h; sourceTree = "<group>"; };
		0A99C7A5126965B300B0EAA5 /* CustomWindow.m */ = {isa = PBXFileReference; fileEncoding = 4; lastKnownFileType = sourcecode.c.objc; path = CustomWindow.m; sourceTree = "<group>"; };
		0A99C7A7126965BC00B0EAA5 /* MyAppDelegate.h */ = {isa = PBXFileReference; fileEncoding = 4; lastKnownFileType = sourcecode.c.h; path = MyAppDelegate.h; sourceTree = "<group>"; };
		0A99C7A8126965BC00B0EAA5 /* MyAppDelegate.m */ = {isa = PBXFileReference; fileEncoding = 4; lastKnownFileType = sourcecode.c.objc; path = MyAppDelegate.m; sourceTree = "<group>"; };
		0A99C7AD126965D000B0EAA5 /* CounterWindow.xib */ = {isa = PBXFileReference; lastKnownFileType = file.xib; path = CounterWindow.xib; sourceTree = "<group>"; };
		0A9E2D2E106DB7D5004CA409 /* CounterView.h */ = {isa = PBXFileReference; fileEncoding = 4; lastKnownFileType = sourcecode.c.h; path = CounterView.h; sourceTree = "<group>"; };
		0A9E2D2F106DB7D5004CA409 /* CounterView.m */ = {isa = PBXFileReference; fileEncoding = 4; lastKnownFileType = sourcecode.c.objc; path = CounterView.m; sourceTree = "<group>"; };
		0AA66865126A96FA0009BD60 /* NSUserDefaults+ColorSupport.h */ = {isa = PBXFileReference; fileEncoding = 4; lastKnownFileType = sourcecode.c.h; path = "NSUserDefaults+ColorSupport.h"; sourceTree = "<group>"; };
		0AA66866126A96FA0009BD60 /* NSUserDefaults+ColorSupport.m */ = {isa = PBXFileReference; fileEncoding = 4; lastKnownFileType = sourcecode.c.objc; path = "NSUserDefaults+ColorSupport.m"; sourceTree = "<group>"; };
		0AB99A6D126A9C99000A4BF6 /* Preferences.xib */ = {isa = PBXFileReference; lastKnownFileType = file.xib; path = Preferences.xib; sourceTree = "<group>"; };
		1058C7A7FEA54F5311CA2CBB /* Cocoa.framework */ = {isa = PBXFileReference; lastKnownFileType = wrapper.framework; name = Cocoa.framework; path = /System/Library/Frameworks/Cocoa.framework; sourceTree = "<absolute>"; };
		13E42FBA07B3F13500E4EEF1 /* CoreData.framework */ = {isa = PBXFileReference; lastKnownFileType = wrapper.framework; name = CoreData.framework; path = /System/Library/Frameworks/CoreData.framework; sourceTree = "<absolute>"; };
		1DDD58290DA1D0D100B32029 /* English */ = {isa = PBXFileReference; lastKnownFileType = file.xib; name = English; path = English.lproj/Slides.xib; sourceTree = "<group>"; };
		1DDD582B0DA1D0D100B32029 /* English */ = {isa = PBXFileReference; lastKnownFileType = file.xib; name = English; path = English.lproj/MainMenu.xib; sourceTree = "<group>"; };
		2A37F4ACFDCFA73011CA2CEA /* MyDocument.m */ = {isa = PBXFileReference; fileEncoding = 4; lastKnownFileType = sourcecode.c.objc; path = MyDocument.m; sourceTree = "<group>"; };
		2A37F4AEFDCFA73011CA2CEA /* MyDocument.h */ = {isa = PBXFileReference; fileEncoding = 4; lastKnownFileType = sourcecode.c.h; path = MyDocument.h; sourceTree = "<group>"; };
		2A37F4B0FDCFA73011CA2CEA /* main.m */ = {isa = PBXFileReference; fileEncoding = 4; lastKnownFileType = sourcecode.c.objc; path = main.m; sourceTree = "<group>"; };
		2A37F4BAFDCFA73011CA2CEA /* English */ = {isa = PBXFileReference; lastKnownFileType = text.rtf; name = English; path = English.lproj/Credits.rtf; sourceTree = "<group>"; };
		2A37F4C4FDCFA73011CA2CEA /* AppKit.framework */ = {isa = PBXFileReference; lastKnownFileType = wrapper.framework; name = AppKit.framework; path = /System/Library/Frameworks/AppKit.framework; sourceTree = "<absolute>"; };
		2A37F4C5FDCFA73011CA2CEA /* Foundation.framework */ = {isa = PBXFileReference; lastKnownFileType = wrapper.framework; name = Foundation.framework; path = /System/Library/Frameworks/Foundation.framework; sourceTree = "<absolute>"; };
		32DBCF750370BD2300C91783 /* Blitz_Prefix.pch */ = {isa = PBXFileReference; fileEncoding = 4; lastKnownFileType = sourcecode.c.h; path = Blitz_Prefix.pch; sourceTree = "<group>"; };
		345BF6AA10668503004BCEE3 /* SpeakerSlidesView.h */ = {isa = PBXFileReference; fileEncoding = 4; lastKnownFileType = sourcecode.c.h; path = SpeakerSlidesView.h; sourceTree = "<group>"; };
		345BF6AB10668503004BCEE3 /* SpeakerSlidesView.m */ = {isa = PBXFileReference; fileEncoding = 4; lastKnownFileType = sourcecode.c.objc; path = SpeakerSlidesView.m; sourceTree = "<group>"; };
		345BF8FC1066A324004BCEE3 /* SlidesWindowController.h */ = {isa = PBXFileReference; fileEncoding = 4; lastKnownFileType = sourcecode.c.h; path = SlidesWindowController.h; sourceTree = "<group>"; };
		345BF8FD1066A324004BCEE3 /* SlidesWindowController.m */ = {isa = PBXFileReference; fileEncoding = 4; lastKnownFileType = sourcecode.c.objc; path = SlidesWindowController.m; sourceTree = "<group>"; };
		3484EC5E106722D500B1BC64 /* BlitzButtonCell.h */ = {isa = PBXFileReference; fileEncoding = 4; lastKnownFileType = sourcecode.c.h; path = BlitzButtonCell.h; sourceTree = "<group>"; };
		3484EC5F106722D500B1BC64 /* BlitzButtonCell.m */ = {isa = PBXFileReference; fileEncoding = 4; lastKnownFileType = sourcecode.c.objc; path = BlitzButtonCell.m; sourceTree = "<group>"; };
		34E6611D1065E938001B6FE9 /* presenter-notes.xsl */ = {isa = PBXFileReference; fileEncoding = 4; lastKnownFileType = text.xml; path = "presenter-notes.xsl"; sourceTree = "<group>"; };
		34E6612D1065EB97001B6FE9 /* SpeakerNotes.xib */ = {isa = PBXFileReference; lastKnownFileType = file.xib; path = SpeakerNotes.xib; sourceTree = "<group>"; };
		34E6614C1065EBAE001B6FE9 /* SpeakerNotesWindowController.h */ = {isa = PBXFileReference; fileEncoding = 4; lastKnownFileType = sourcecode.c.h; path = SpeakerNotesWindowController.h; sourceTree = "<group>"; };
		34E6614D1065EBAE001B6FE9 /* SpeakerNotesWindowController.m */ = {isa = PBXFileReference; fileEncoding = 4; lastKnownFileType = sourcecode.c.objc; path = SpeakerNotesWindowController.m; sourceTree = "<group>"; };
		376586FB1009A33F00B9BC9B /* MyApplication.h */ = {isa = PBXFileReference; fileEncoding = 4; lastKnownFileType = sourcecode.c.h; path = MyApplication.h; sourceTree = "<group>"; };
		376586FC1009A33F00B9BC9B /* MyApplication.m */ = {isa = PBXFileReference; fileEncoding = 4; lastKnownFileType = sourcecode.c.objc; path = MyApplication.m; sourceTree = "<group>"; };
		79BB56890FF7374A00D94BEB /* BlitzPDFView.m */ = {isa = PBXFileReference; fileEncoding = 4; lastKnownFileType = sourcecode.c.objc; path = BlitzPDFView.m; sourceTree = "<group>"; };
		79BB568A0FF7374A00D94BEB /* BlitzPDFView.h */ = {isa = PBXFileReference; fileEncoding = 4; lastKnownFileType = sourcecode.c.h; path = BlitzPDFView.h; sourceTree = "<group>"; };
		79BB56AB0FF7386500D94BEB /* Quartz.framework */ = {isa = PBXFileReference; lastKnownFileType = wrapper.framework; name = Quartz.framework; path = /System/Library/Frameworks/Quartz.framework; sourceTree = "<absolute>"; };
		79BFE5390FF7E738000668B2 /* Sparkle.framework */ = {isa = PBXFileReference; lastKnownFileType = wrapper.framework; path = Sparkle.framework; sourceTree = "<group>"; };
		79BFE5590FF7ECDD000668B2 /* dsa_pub.pem */ = {isa = PBXFileReference; fileEncoding = 4; lastKnownFileType = text; path = dsa_pub.pem; sourceTree = "<group>"; };
		79BFE6190FF81A2C000668B2 /* blitz.icns */ = {isa = PBXFileReference; lastKnownFileType = image.icns; path = blitz.icns; sourceTree = "<group>"; };
		8D15AC360486D014006FF6A4 /* Info.plist */ = {isa = PBXFileReference; fileEncoding = 4; lastKnownFileType = text.plist.xml; path = Info.plist; sourceTree = "<group>"; };
		8D15AC370486D014006FF6A4 /* Blitz.app */ = {isa = PBXFileReference; explicitFileType = wrapper.application; includeInIndex = 0; path = Blitz.app; sourceTree = BUILT_PRODUCTS_DIR; };
/* End PBXFileReference section */

/* Begin PBXFrameworksBuildPhase section */
		8D15AC330486D014006FF6A4 /* Frameworks */ = {
			isa = PBXFrameworksBuildPhase;
			buildActionMask = 2147483647;
			files = (
				8D15AC340486D014006FF6A4 /* Cocoa.framework in Frameworks */,
				79BB56AC0FF7386500D94BEB /* Quartz.framework in Frameworks */,
				79BFE53A0FF7E738000668B2 /* Sparkle.framework in Frameworks */,
				0A02C51D1269774D00CBE952 /* ScriptingBridge.framework in Frameworks */,
			);
			runOnlyForDeploymentPostprocessing = 0;
		};
/* End PBXFrameworksBuildPhase section */

/* Begin PBXGroup section */
		1058C7A6FEA54F5311CA2CBB /* Linked Frameworks */ = {
			isa = PBXGroup;
			children = (
				79BFE5390FF7E738000668B2 /* Sparkle.framework */,
				79BB56AB0FF7386500D94BEB /* Quartz.framework */,
				1058C7A7FEA54F5311CA2CBB /* Cocoa.framework */,
			);
			name = "Linked Frameworks";
			sourceTree = "<group>";
		};
		1058C7A8FEA54F5311CA2CBB /* Other Frameworks */ = {
			isa = PBXGroup;
			children = (
				2A37F4C4FDCFA73011CA2CEA /* AppKit.framework */,
				13E42FBA07B3F13500E4EEF1 /* CoreData.framework */,
				2A37F4C5FDCFA73011CA2CEA /* Foundation.framework */,
			);
			name = "Other Frameworks";
			sourceTree = "<group>";
		};
		19C28FB0FE9D524F11CA2CBB /* Products */ = {
			isa = PBXGroup;
			children = (
				8D15AC370486D014006FF6A4 /* Blitz.app */,
			);
			name = Products;
			sourceTree = "<group>";
		};
		2A37F4AAFDCFA73011CA2CEA /* C4BlitzPlayer */ = {
			isa = PBXGroup;
			children = (
				0A02C5241269780400CBE952 /* Keynote.app */,
				2A37F4ABFDCFA73011CA2CEA /* Classes */,
				2A37F4AFFDCFA73011CA2CEA /* Other Sources */,
				2A37F4B8FDCFA73011CA2CEA /* Resources */,
				2A37F4C3FDCFA73011CA2CEA /* Frameworks */,
				19C28FB0FE9D524F11CA2CBB /* Products */,
			);
			name = C4BlitzPlayer;
			sourceTree = "<group>";
		};
		2A37F4ABFDCFA73011CA2CEA /* Classes */ = {
			isa = PBXGroup;
			children = (
				0AA66865126A96FA0009BD60 /* NSUserDefaults+ColorSupport.h */,
				0AA66866126A96FA0009BD60 /* NSUserDefaults+ColorSupport.m */,
				0A99C7A4126965B300B0EAA5 /* CustomWindow.h */,
				0A99C7A5126965B300B0EAA5 /* CustomWindow.m */,
				0A99C7A7126965BC00B0EAA5 /* MyAppDelegate.h */,
				0A99C7A8126965BC00B0EAA5 /* MyAppDelegate.m */,
				0A9E2D2E106DB7D5004CA409 /* CounterView.h */,
				0A9E2D2F106DB7D5004CA409 /* CounterView.m */,
				2A37F4AEFDCFA73011CA2CEA /* MyDocument.h */,
				2A37F4ACFDCFA73011CA2CEA /* MyDocument.m */,
				79BB568A0FF7374A00D94BEB /* BlitzPDFView.h */,
				79BB56890FF7374A00D94BEB /* BlitzPDFView.m */,
				376586FB1009A33F00B9BC9B /* MyApplication.h */,
				376586FC1009A33F00B9BC9B /* MyApplication.m */,
				34E6614C1065EBAE001B6FE9 /* SpeakerNotesWindowController.h */,
				34E6614D1065EBAE001B6FE9 /* SpeakerNotesWindowController.m */,
				345BF6AA10668503004BCEE3 /* SpeakerSlidesView.h */,
				345BF6AB10668503004BCEE3 /* SpeakerSlidesView.m */,
				345BF8FC1066A324004BCEE3 /* SlidesWindowController.h */,
				345BF8FD1066A324004BCEE3 /* SlidesWindowController.m */,
				3484EC5E106722D500B1BC64 /* BlitzButtonCell.h */,
				3484EC5F106722D500B1BC64 /* BlitzButtonCell.m */,
			);
			name = Classes;
			sourceTree = "<group>";
		};
		2A37F4AFFDCFA73011CA2CEA /* Other Sources */ = {
			isa = PBXGroup;
			children = (
				32DBCF750370BD2300C91783 /* Blitz_Prefix.pch */,
				2A37F4B0FDCFA73011CA2CEA /* main.m */,
			);
			name = "Other Sources";
			sourceTree = "<group>";
		};
		2A37F4B8FDCFA73011CA2CEA /* Resources */ = {
			isa = PBXGroup;
			children = (
				34E6611D1065E938001B6FE9 /* presenter-notes.xsl */,
				79BFE6190FF81A2C000668B2 /* blitz.icns */,
				79BFE5590FF7ECDD000668B2 /* dsa_pub.pem */,
				2A37F4B9FDCFA73011CA2CEA /* Credits.rtf */,
				8D15AC360486D014006FF6A4 /* Info.plist */,
				089C165FFE840EACC02AAC07 /* InfoPlist.strings */,
				1DDD58280DA1D0D100B32029 /* Slides.xib */,
				1DDD582A0DA1D0D100B32029 /* MainMenu.xib */,
				34E6612D1065EB97001B6FE9 /* SpeakerNotes.xib */,
				0A99C7AD126965D000B0EAA5 /* CounterWindow.xib */,
				0AB99A6D126A9C99000A4BF6 /* Preferences.xib */,
			);
			name = Resources;
			sourceTree = "<group>";
		};
		2A37F4C3FDCFA73011CA2CEA /* Frameworks */ = {
			isa = PBXGroup;
			children = (
				1058C7A6FEA54F5311CA2CBB /* Linked Frameworks */,
				1058C7A8FEA54F5311CA2CBB /* Other Frameworks */,
				0A02C51C1269774D00CBE952 /* ScriptingBridge.framework */,
			);
			name = Frameworks;
			sourceTree = "<group>";
		};
/* End PBXGroup section */

/* Begin PBXNativeTarget section */
		8D15AC270486D014006FF6A4 /* Blitz */ = {
			isa = PBXNativeTarget;
			buildConfigurationList = C05733C708A9546B00998B17 /* Build configuration list for PBXNativeTarget "Blitz" */;
			buildPhases = (
				8D15AC2B0486D014006FF6A4 /* Resources */,
				8D15AC300486D014006FF6A4 /* Sources */,
				8D15AC330486D014006FF6A4 /* Frameworks */,
				79BFE5580FF7E76D000668B2 /* CopyFiles */,
				79BFE55F0FF806B6000668B2 /* ShellScript */,
			);
			buildRules = (
				0A02C5231269778F00CBE952 /* PBXBuildRule */,
			);
			dependencies = (
			);
			name = Blitz;
			productInstallPath = "$(HOME)/Applications";
			productName = C4BlitzPlayer;
			productReference = 8D15AC370486D014006FF6A4 /* Blitz.app */;
			productType = "com.apple.product-type.application";
		};
/* End PBXNativeTarget section */

/* Begin PBXProject section */
		2A37F4A9FDCFA73011CA2CEA /* Project object */ = {
			isa = PBXProject;
			attributes = {
				LastUpgradeCheck = 0410;
			};
			buildConfigurationList = C05733CB08A9546B00998B17 /* Build configuration list for PBXProject "Blitz" */;
			compatibilityVersion = "Xcode 3.2";
			developmentRegion = English;
			hasScannedForEncodings = 1;
			knownRegions = (
				English,
				Japanese,
				French,
				German,
			);
			mainGroup = 2A37F4AAFDCFA73011CA2CEA /* C4BlitzPlayer */;
			projectDirPath = "";
			projectRoot = "";
			targets = (
				8D15AC270486D014006FF6A4 /* Blitz */,
			);
		};
/* End PBXProject section */

/* Begin PBXResourcesBuildPhase section */
		8D15AC2B0486D014006FF6A4 /* Resources */ = {
			isa = PBXResourcesBuildPhase;
			buildActionMask = 2147483647;
			files = (
				8D15AC2C0486D014006FF6A4 /* Credits.rtf in Resources */,
				8D15AC2F0486D014006FF6A4 /* InfoPlist.strings in Resources */,
				1DDD582C0DA1D0D100B32029 /* Slides.xib in Resources */,
				1DDD582D0DA1D0D100B32029 /* MainMenu.xib in Resources */,
				79BFE55A0FF7ECDD000668B2 /* dsa_pub.pem in Resources */,
				79BFE61A0FF81A2C000668B2 /* blitz.icns in Resources */,
				34E6611E1065E938001B6FE9 /* presenter-notes.xsl in Resources */,
				34E6612E1065EB97001B6FE9 /* SpeakerNotes.xib in Resources */,
				0A99C7AE126965D000B0EAA5 /* CounterWindow.xib in Resources */,
				0AB99A6E126A9C99000A4BF6 /* Preferences.xib in Resources */,
			);
			runOnlyForDeploymentPostprocessing = 0;
		};
/* End PBXResourcesBuildPhase section */

/* Begin PBXShellScriptBuildPhase section */
		79BFE55F0FF806B6000668B2 /* ShellScript */ = {
			isa = PBXShellScriptBuildPhase;
			buildActionMask = 2147483647;
			files = (
			);
			inputPaths = (
			);
			outputPaths = (
			);
			runOnlyForDeploymentPostprocessing = 0;
			shellPath = /bin/sh;
			shellScript = "if [ $BUILD_STYLE = \"Release\" ]; then\n\techo bash $PROJECT_DIR/build_distribution.command\nfi\n";
		};
/* End PBXShellScriptBuildPhase section */

/* Begin PBXSourcesBuildPhase section */
		8D15AC300486D014006FF6A4 /* Sources */ = {
			isa = PBXSourcesBuildPhase;
			buildActionMask = 2147483647;
			files = (
				0A02C5351269788900CBE952 /* Keynote.app in Sources */,
				8D15AC310486D014006FF6A4 /* MyDocument.m in Sources */,
				8D15AC320486D014006FF6A4 /* main.m in Sources */,
				79BB568B0FF7374A00D94BEB /* BlitzPDFView.m in Sources */,
				376586FD1009A33F00B9BC9B /* MyApplication.m in Sources */,
				34E6614E1065EBAE001B6FE9 /* SpeakerNotesWindowController.m in Sources */,
				345BF6AC10668503004BCEE3 /* SpeakerSlidesView.m in Sources */,
				345BF8FE1066A324004BCEE3 /* SlidesWindowController.m in Sources */,
				3484EC60106722D500B1BC64 /* BlitzButtonCell.m in Sources */,
				0A9E2D30106DB7D5004CA409 /* CounterView.m in Sources */,
				0A99C7A6126965B300B0EAA5 /* CustomWindow.m in Sources */,
				0A99C7A9126965BC00B0EAA5 /* MyAppDelegate.m in Sources */,
				0AA66867126A96FA0009BD60 /* NSUserDefaults+ColorSupport.m in Sources */,
			);
			runOnlyForDeploymentPostprocessing = 0;
		};
/* End PBXSourcesBuildPhase section */

/* Begin PBXVariantGroup section */
		089C165FFE840EACC02AAC07 /* InfoPlist.strings */ = {
			isa = PBXVariantGroup;
			children = (
				089C1660FE840EACC02AAC07 /* English */,
			);
			name = InfoPlist.strings;
			sourceTree = "<group>";
		};
		1DDD58280DA1D0D100B32029 /* Slides.xib */ = {
			isa = PBXVariantGroup;
			children = (
				1DDD58290DA1D0D100B32029 /* English */,
			);
			name = Slides.xib;
			sourceTree = "<group>";
		};
		1DDD582A0DA1D0D100B32029 /* MainMenu.xib */ = {
			isa = PBXVariantGroup;
			children = (
				1DDD582B0DA1D0D100B32029 /* English */,
			);
			name = MainMenu.xib;
			sourceTree = "<group>";
		};
		2A37F4B9FDCFA73011CA2CEA /* Credits.rtf */ = {
			isa = PBXVariantGroup;
			children = (
				2A37F4BAFDCFA73011CA2CEA /* English */,
			);
			name = Credits.rtf;
			sourceTree = "<group>";
		};
/* End PBXVariantGroup section */

/* Begin XCBuildConfiguration section */
		C05733C808A9546B00998B17 /* Debug */ = {
			isa = XCBuildConfiguration;
			buildSettings = {
				ALWAYS_SEARCH_USER_PATHS = NO;
				COPY_PHASE_STRIP = NO;
				FRAMEWORK_SEARCH_PATHS = (
					"$(inherited)",
					"\"$(SRCROOT)\"",
				);
				GCC_DYNAMIC_NO_PIC = NO;
				GCC_MODEL_TUNING = G5;
				GCC_OPTIMIZATION_LEVEL = 0;
				GCC_PRECOMPILE_PREFIX_HEADER = YES;
				GCC_PREFIX_HEADER = Blitz_Prefix.pch;
				INFOPLIST_FILE = Info.plist;
				INSTALL_PATH = "$(HOME)/Applications";
				OTHER_CFLAGS = (
					"$(value)",
					"-DNS_BUILD_32_LIKE_64",
				);
				PRODUCT_NAME = Blitz;
				SDKROOT = macosx;
			};
			name = Debug;
		};
		C05733C908A9546B00998B17 /* Release */ = {
			isa = XCBuildConfiguration;
			buildSettings = {
				ALWAYS_SEARCH_USER_PATHS = NO;
				DEBUG_INFORMATION_FORMAT = "dwarf-with-dsym";
				FRAMEWORK_SEARCH_PATHS = (
					"$(inherited)",
					"\"$(SRCROOT)\"",
				);
				GCC_MODEL_TUNING = G5;
				GCC_PRECOMPILE_PREFIX_HEADER = YES;
				GCC_PREFIX_HEADER = Blitz_Prefix.pch;
				INFOPLIST_FILE = Info.plist;
				INSTALL_PATH = "$(HOME)/Applications";
				OTHER_CFLAGS = (
					"$(value)",
					"-DNS_BUILD_32_LIKE_64",
				);
				PRODUCT_NAME = Blitz;
				SDKROOT = macosx;
			};
			name = Release;
		};
		C05733CC08A9546B00998B17 /* Debug */ = {
			isa = XCBuildConfiguration;
			buildSettings = {
				ARCHS = "$(NATIVE_ARCH)";
				GCC_C_LANGUAGE_STANDARD = c99;
				GCC_OPTIMIZATION_LEVEL = 0;
				GCC_WARN_ABOUT_RETURN_TYPE = YES;
				GCC_WARN_UNUSED_VARIABLE = YES;
				MACOSX_DEPLOYMENT_TARGET = 10.5;
				ONLY_ACTIVE_ARCH = YES;
				PRODUCT_VERSION = 1.0;
				SDKROOT = macosx;
			};
			name = Debug;
		};
		C05733CD08A9546B00998B17 /* Release */ = {
			isa = XCBuildConfiguration;
			buildSettings = {
				ARCHS = (
					"$(NATIVE_ARCH_64_BIT)",
					"$(NATIVE_ARCH_32_BIT)",
				);
				GCC_C_LANGUAGE_STANDARD = c99;
				GCC_WARN_ABOUT_RETURN_TYPE = YES;
				GCC_WARN_UNUSED_VARIABLE = YES;
				MACOSX_DEPLOYMENT_TARGET = 10.5;
				PRODUCT_VERSION = 1.0;
				SDKROOT = macosx;
			};
			name = Release;
		};
/* End XCBuildConfiguration section */

/* Begin XCConfigurationList section */
		C05733C708A9546B00998B17 /* Build configuration list for PBXNativeTarget "Blitz" */ = {
			isa = XCConfigurationList;
			buildConfigurations = (
				C05733C808A9546B00998B17 /* Debug */,
				C05733C908A9546B00998B17 /* Release */,
			);
			defaultConfigurationIsVisible = 0;
			defaultConfigurationName = Release;
		};
		C05733CB08A9546B00998B17 /* Build configuration list for PBXProject "Blitz" */ = {
			isa = XCConfigurationList;
			buildConfigurations = (
				C05733CC08A9546B00998B17 /* Debug */,
				C05733CD08A9546B00998B17 /* Release */,
			);
			defaultConfigurationIsVisible = 0;
			defaultConfigurationName = Release;
		};
/* End XCConfigurationList section */
	};
	rootObject = 2A37F4A9FDCFA73011CA2CEA /* Project object */;
}
